
Microsoft Visual Studio Solution File, Format Version 12.00
# Visual Studio Version 17
VisualStudioVersion = 17.8.34511.84
MinimumVisualStudioVersion = 10.0.40219.1
Project("{FAE04EC0-301F-11D3-BF4B-00C04F79EFBC}") = "ЗПУ Задание 4", "ЗПУ Задание 4\ЗПУ Задание 4.csproj", "{CD004345-8123-4300-8B51-068CCC706FC2}"
EndProject
Global
	GlobalSection(SolutionConfigurationPlatforms) = preSolution
		Debug|Any CPU = Debug|Any CPU
		Release|Any CPU = Release|Any CPU
	EndGlobalSection
	GlobalSection(ProjectConfigurationPlatforms) = postSolution
		{CD004345-8123-4300-8B51-068CCC706FC2}.Debug|Any CPU.ActiveCfg = Debug|Any CPU
		{CD004345-8123-4300-8B51-068CCC706FC2}.Debug|Any CPU.Build.0 = Debug|Any CPU
		{CD004345-8123-4300-8B51-068CCC706FC2}.Release|Any CPU.ActiveCfg = Release|Any CPU
		{CD004345-8123-4300-8B51-068CCC706FC2}.Release|Any CPU.Build.0 = Release|Any CPU
	EndGlobalSection
	GlobalSection(SolutionProperties) = preSolution
		HideSolutionNode = FALSE
	EndGlobalSection
	GlobalSection(ExtensibilityGlobals) = postSolution
		SolutionGuid = {33B44431-5F74-4F3B-B488-37A1CE144C36}
	EndGlobalSection
EndGlobal
