
Microsoft Visual Studio Solution File, Format Version 12.00
# Visual Studio Version 17
VisualStudioVersion = 17.8.34511.84
MinimumVisualStudioVersion = 10.0.40219.1
Project("{FAE04EC0-301F-11D3-BF4B-00C04F79EFBC}") = "ЗПМ Задача 1", "ЗПМ Задача 1\ЗПМ Задача 1.csproj", "{63F7D187-7DAD-4350-BBF6-311778B9BA70}"
EndProject
Global
	GlobalSection(SolutionConfigurationPlatforms) = preSolution
		Debug|Any CPU = Debug|Any CPU
		Release|Any CPU = Release|Any CPU
	EndGlobalSection
	GlobalSection(ProjectConfigurationPlatforms) = postSolution
		{63F7D187-7DAD-4350-BBF6-311778B9BA70}.Debug|Any CPU.ActiveCfg = Debug|Any CPU
		{63F7D187-7DAD-4350-BBF6-311778B9BA70}.Debug|Any CPU.Build.0 = Debug|Any CPU
		{63F7D187-7DAD-4350-BBF6-311778B9BA70}.Release|Any CPU.ActiveCfg = Release|Any CPU
		{63F7D187-7DAD-4350-BBF6-311778B9BA70}.Release|Any CPU.Build.0 = Release|Any CPU
	EndGlobalSection
	GlobalSection(SolutionProperties) = preSolution
		HideSolutionNode = FALSE
	EndGlobalSection
	GlobalSection(ExtensibilityGlobals) = postSolution
		SolutionGuid = {9CEABFB4-9A92-4119-907F-5927D3CB5AC1}
	EndGlobalSection
EndGlobal
